// !$*UTF8*$!
{
	archiveVersion = 1;
	classes = {
	};
	objectVersion = 55;
	objects = {

/* Begin PBXBuildFile section */
		90597E7128C7425E00ED0652 /* Restart_App.swift in Sources */ = {isa = PBXBuildFile; fileRef = 90597E7028C7425E00ED0652 /* Restart_App.swift */; };
		90597E7328C7425E00ED0652 /* ContentView.swift in Sources */ = {isa = PBXBuildFile; fileRef = 90597E7228C7425E00ED0652 /* ContentView.swift */; };
		90597E7528C7425F00ED0652 /* Assets.xcassets in Resources */ = {isa = PBXBuildFile; fileRef = 90597E7428C7425F00ED0652 /* Assets.xcassets */; };
		90597E7828C7425F00ED0652 /* Preview Assets.xcassets in Resources */ = {isa = PBXBuildFile; fileRef = 90597E7728C7425F00ED0652 /* Preview Assets.xcassets */; };
		90597E8028C7438800ED0652 /* chimeup.mp3 in Resources */ = {isa = PBXBuildFile; fileRef = 90597E7E28C7438700ED0652 /* chimeup.mp3 */; };
		90597E8128C7438800ED0652 /* success.m4a in Resources */ = {isa = PBXBuildFile; fileRef = 90597E7F28C7438700ED0652 /* success.m4a */; };
		90597E8828C746C300ED0652 /* OnboardingView.swift in Sources */ = {isa = PBXBuildFile; fileRef = 90597E8728C746C300ED0652 /* OnboardingView.swift */; };
		90597E8A28C746D200ED0652 /* HomeView.swift in Sources */ = {isa = PBXBuildFile; fileRef = 90597E8928C746D200ED0652 /* HomeView.swift */; };
		90597E8C28C8678D00ED0652 /* CircleGroupView.swift in Sources */ = {isa = PBXBuildFile; fileRef = 90597E8B28C8678D00ED0652 /* CircleGroupView.swift */; };
		90597E8E28C87E5C00ED0652 /* AudioPlayer.swift in Sources */ = {isa = PBXBuildFile; fileRef = 90597E8D28C87E5C00ED0652 /* AudioPlayer.swift */; };
/* End PBXBuildFile section */

/* Begin PBXFileReference section */
		90597E6D28C7425E00ED0652 /* Restart-App.app */ = {isa = PBXFileReference; explicitFileType = wrapper.application; includeInIndex = 0; path = "Restart-App.app"; sourceTree = BUILT_PRODUCTS_DIR; };
		90597E7028C7425E00ED0652 /* Restart_App.swift */ = {isa = PBXFileReference; lastKnownFileType = sourcecode.swift; path = Restart_App.swift; sourceTree = "<group>"; };
		90597E7228C7425E00ED0652 /* ContentView.swift */ = {isa = PBXFileReference; lastKnownFileType = sourcecode.swift; path = ContentView.swift; sourceTree = "<group>"; };
		90597E7428C7425F00ED0652 /* Assets.xcassets */ = {isa = PBXFileReference; lastKnownFileType = folder.assetcatalog; path = Assets.xcassets; sourceTree = "<group>"; };
		90597E7728C7425F00ED0652 /* Preview Assets.xcassets */ = {isa = PBXFileReference; lastKnownFileType = folder.assetcatalog; path = "Preview Assets.xcassets"; sourceTree = "<group>"; };
		90597E7E28C7438700ED0652 /* chimeup.mp3 */ = {isa = PBXFileReference; lastKnownFileType = audio.mp3; path = chimeup.mp3; sourceTree = "<group>"; };
		90597E7F28C7438700ED0652 /* success.m4a */ = {isa = PBXFileReference; lastKnownFileType = file; path = success.m4a; sourceTree = "<group>"; };
		90597E8628C7460200ED0652 /* Info.plist */ = {isa = PBXFileReference; lastKnownFileType = text.plist; path = Info.plist; sourceTree = "<group>"; };
		90597E8728C746C300ED0652 /* OnboardingView.swift */ = {isa = PBXFileReference; lastKnownFileType = sourcecode.swift; path = OnboardingView.swift; sourceTree = "<group>"; };
		90597E8928C746D200ED0652 /* HomeView.swift */ = {isa = PBXFileReference; lastKnownFileType = sourcecode.swift; path = HomeView.swift; sourceTree = "<group>"; };
		90597E8B28C8678D00ED0652 /* CircleGroupView.swift */ = {isa = PBXFileReference; lastKnownFileType = sourcecode.swift; path = CircleGroupView.swift; sourceTree = "<group>"; };
		90597E8D28C87E5C00ED0652 /* AudioPlayer.swift */ = {isa = PBXFileReference; lastKnownFileType = sourcecode.swift; path = AudioPlayer.swift; sourceTree = "<group>"; };
/* End PBXFileReference section */

/* Begin PBXFrameworksBuildPhase section */
		90597E6A28C7425E00ED0652 /* Frameworks */ = {
			isa = PBXFrameworksBuildPhase;
			buildActionMask = 2147483647;
			files = (
			);
			runOnlyForDeploymentPostprocessing = 0;
		};
/* End PBXFrameworksBuildPhase section */

/* Begin PBXGroup section */
		90597E6428C7425E00ED0652 = {
			isa = PBXGroup;
			children = (
				90597E6F28C7425E00ED0652 /* Restart-App */,
				90597E6E28C7425E00ED0652 /* Products */,
			);
			sourceTree = "<group>";
		};
		90597E6E28C7425E00ED0652 /* Products */ = {
			isa = PBXGroup;
			children = (
				90597E6D28C7425E00ED0652 /* Restart-App.app */,
			);
			name = Products;
			sourceTree = "<group>";
		};
		90597E6F28C7425E00ED0652 /* Restart-App */ = {
			isa = PBXGroup;
			children = (
				90597E8628C7460200ED0652 /* Info.plist */,
				90597E8528C744FB00ED0652 /* Utilities */,
				90597E8428C744E400ED0652 /* Views */,
				90597E8228C7439C00ED0652 /* Sounds */,
				90597E7028C7425E00ED0652 /* Restart_App.swift */,
				90597E8328C744D200ED0652 /* Screens */,
				90597E7428C7425F00ED0652 /* Assets.xcassets */,
				90597E7628C7425F00ED0652 /* Preview Content */,
			);
			path = "Restart-App";
			sourceTree = "<group>";
		};
		90597E7628C7425F00ED0652 /* Preview Content */ = {
			isa = PBXGroup;
			children = (
				90597E7728C7425F00ED0652 /* Preview Assets.xcassets */,
			);
			path = "Preview Content";
			sourceTree = "<group>";
		};
		90597E8228C7439C00ED0652 /* Sounds */ = {
			isa = PBXGroup;
			children = (
				90597E7E28C7438700ED0652 /* chimeup.mp3 */,
				90597E7F28C7438700ED0652 /* success.m4a */,
			);
			path = Sounds;
			sourceTree = "<group>";
		};
		90597E8328C744D200ED0652 /* Screens */ = {
			isa = PBXGroup;
			children = (
				90597E7228C7425E00ED0652 /* ContentView.swift */,
				90597E8728C746C300ED0652 /* OnboardingView.swift */,
				90597E8928C746D200ED0652 /* HomeView.swift */,
			);
			path = Screens;
			sourceTree = "<group>";
		};
		90597E8428C744E400ED0652 /* Views */ = {
			isa = PBXGroup;
			children = (
				90597E8B28C8678D00ED0652 /* CircleGroupView.swift */,
			);
			path = Views;
			sourceTree = "<group>";
		};
		90597E8528C744FB00ED0652 /* Utilities */ = {
			isa = PBXGroup;
			children = (
				90597E8D28C87E5C00ED0652 /* AudioPlayer.swift */,
			);
			path = Utilities;
			sourceTree = "<group>";
		};
/* End PBXGroup section */

/* Begin PBXNativeTarget section */
		90597E6C28C7425E00ED0652 /* Restart-App */ = {
			isa = PBXNativeTarget;
			buildConfigurationList = 90597E7B28C7425F00ED0652 /* Build configuration list for PBXNativeTarget "Restart-App" */;
			buildPhases = (
				90597E6928C7425E00ED0652 /* Sources */,
				90597E6A28C7425E00ED0652 /* Frameworks */,
				90597E6B28C7425E00ED0652 /* Resources */,
			);
			buildRules = (
			);
			dependencies = (
			);
			name = "Restart-App";
			productName = "Restart-App";
			productReference = 90597E6D28C7425E00ED0652 /* Restart-App.app */;
			productType = "com.apple.product-type.application";
		};
/* End PBXNativeTarget section */

/* Begin PBXProject section */
		90597E6528C7425E00ED0652 /* Project object */ = {
			isa = PBXProject;
			attributes = {
				BuildIndependentTargetsInParallel = 1;
				LastSwiftUpdateCheck = 1340;
				LastUpgradeCheck = 1340;
				TargetAttributes = {
					90597E6C28C7425E00ED0652 = {
						CreatedOnToolsVersion = 13.4.1;
					};
				};
			};
			buildConfigurationList = 90597E6828C7425E00ED0652 /* Build configuration list for PBXProject "Restart-App" */;
			compatibilityVersion = "Xcode 13.0";
			developmentRegion = en;
			hasScannedForEncodings = 0;
			knownRegions = (
				en,
				Base,
			);
			mainGroup = 90597E6428C7425E00ED0652;
			productRefGroup = 90597E6E28C7425E00ED0652 /* Products */;
			projectDirPath = "";
			projectRoot = "";
			targets = (
				90597E6C28C7425E00ED0652 /* Restart-App */,
			);
		};
/* End PBXProject section */

/* Begin PBXResourcesBuildPhase section */
		90597E6B28C7425E00ED0652 /* Resources */ = {
			isa = PBXResourcesBuildPhase;
			buildActionMask = 2147483647;
			files = (
				90597E8128C7438800ED0652 /* success.m4a in Resources */,
				90597E8028C7438800ED0652 /* chimeup.mp3 in Resources */,
				90597E7828C7425F00ED0652 /* Preview Assets.xcassets in Resources */,
				90597E7528C7425F00ED0652 /* Assets.xcassets in Resources */,
			);
			runOnlyForDeploymentPostprocessing = 0;
		};
/* End PBXResourcesBuildPhase section */

/* Begin PBXSourcesBuildPhase section */
		90597E6928C7425E00ED0652 /* Sources */ = {
			isa = PBXSourcesBuildPhase;
			buildActionMask = 2147483647;
			files = (
				90597E8C28C8678D00ED0652 /* CircleGroupView.swift in Sources */,
				90597E8828C746C300ED0652 /* OnboardingView.swift in Sources */,
				90597E8A28C746D200ED0652 /* HomeView.swift in Sources */,
				90597E7328C7425E00ED0652 /* ContentView.swift in Sources */,
				90597E7128C7425E00ED0652 /* Restart_App.swift in Sources */,
				90597E8E28C87E5C00ED0652 /* AudioPlayer.swift in Sources */,
			);
			runOnlyForDeploymentPostprocessing = 0;
		};
/* End PBXSourcesBuildPhase section */

/* Begin XCBuildConfiguration section */
		90597E7928C7425F00ED0652 /* Debug */ = {
			isa = XCBuildConfiguration;
			buildSettings = {
				ALWAYS_SEARCH_USER_PATHS = NO;
				CLANG_ANALYZER_NONNULL = YES;
				CLANG_ANALYZER_NUMBER_OBJECT_CONVERSION = YES_AGGRESSIVE;
				CLANG_CXX_LANGUAGE_STANDARD = "gnu++17";
				CLANG_ENABLE_MODULES = YES;
				CLANG_ENABLE_OBJC_ARC = YES;
				CLANG_ENABLE_OBJC_WEAK = YES;
				CLANG_WARN_BLOCK_CAPTURE_AUTORELEASING = YES;
				CLANG_WARN_BOOL_CONVERSION = YES;
				CLANG_WARN_COMMA = YES;
				CLANG_WARN_CONSTANT_CONVERSION = YES;
				CLANG_WARN_DEPRECATED_OBJC_IMPLEMENTATIONS = YES;
				CLANG_WARN_DIRECT_OBJC_ISA_USAGE = YES_ERROR;
				CLANG_WARN_DOCUMENTATION_COMMENTS = YES;
				CLANG_WARN_EMPTY_BODY = YES;
				CLANG_WARN_ENUM_CONVERSION = YES;
				CLANG_WARN_INFINITE_RECURSION = YES;
				CLANG_WARN_INT_CONVERSION = YES;
				CLANG_WARN_NON_LITERAL_NULL_CONVERSION = YES;
				CLANG_WARN_OBJC_IMPLICIT_RETAIN_SELF = YES;
				CLANG_WARN_OBJC_LITERAL_CONVERSION = YES;
				CLANG_WARN_OBJC_ROOT_CLASS = YES_ERROR;
				CLANG_WARN_QUOTED_INCLUDE_IN_FRAMEWORK_HEADER = YES;
				CLANG_WARN_RANGE_LOOP_ANALYSIS = YES;
				CLANG_WARN_STRICT_PROTOTYPES = YES;
				CLANG_WARN_SUSPICIOUS_MOVE = YES;
				CLANG_WARN_UNGUARDED_AVAILABILITY = YES_AGGRESSIVE;
				CLANG_WARN_UNREACHABLE_CODE = YES;
				CLANG_WARN__DUPLICATE_METHOD_MATCH = YES;
				COPY_PHASE_STRIP = NO;
				DEBUG_INFORMATION_FORMAT = dwarf;
				ENABLE_STRICT_OBJC_MSGSEND = YES;
				ENABLE_TESTABILITY = YES;
				GCC_C_LANGUAGE_STANDARD = gnu11;
				GCC_DYNAMIC_NO_PIC = NO;
				GCC_NO_COMMON_BLOCKS = YES;
				GCC_OPTIMIZATION_LEVEL = 0;
				GCC_PREPROCESSOR_DEFINITIONS = (
					"DEBUG=1",
					"$(inherited)",
				);
				GCC_WARN_64_TO_32_BIT_CONVERSION = YES;
				GCC_WARN_ABOUT_RETURN_TYPE = YES_ERROR;
				GCC_WARN_UNDECLARED_SELECTOR = YES;
				GCC_WARN_UNINITIALIZED_AUTOS = YES_AGGRESSIVE;
				GCC_WARN_UNUSED_FUNCTION = YES;
				GCC_WARN_UNUSED_VARIABLE = YES;
				IPHONEOS_DEPLOYMENT_TARGET = 15.5;
				MTL_ENABLE_DEBUG_INFO = INCLUDE_SOURCE;
				MTL_FAST_MATH = YES;
				ONLY_ACTIVE_ARCH = YES;
				SDKROOT = iphoneos;
				SWIFT_ACTIVE_COMPILATION_CONDITIONS = DEBUG;
				SWIFT_OPTIMIZATION_LEVEL = "-Onone";
			};
			name = Debug;
		};
		90597E7A28C7425F00ED0652 /* Release */ = {
			isa = XCBuildConfiguration;
			buildSettings = {
				ALWAYS_SEARCH_USER_PATHS = NO;
				CLANG_ANALYZER_NONNULL = YES;
				CLANG_ANALYZER_NUMBER_OBJECT_CONVERSION = YES_AGGRESSIVE;
				CLANG_CXX_LANGUAGE_STANDARD = "gnu++17";
				CLANG_ENABLE_MODULES = YES;
				CLANG_ENABLE_OBJC_ARC = YES;
				CLANG_ENABLE_OBJC_WEAK = YES;
				CLANG_WARN_BLOCK_CAPTURE_AUTORELEASING = YES;
				CLANG_WARN_BOOL_CONVERSION = YES;
				CLANG_WARN_COMMA = YES;
				CLANG_WARN_CONSTANT_CONVERSION = YES;
				CLANG_WARN_DEPRECATED_OBJC_IMPLEMENTATIONS = YES;
				CLANG_WARN_DIRECT_OBJC_ISA_USAGE = YES_ERROR;
				CLANG_WARN_DOCUMENTATION_COMMENTS = YES;
				CLANG_WARN_EMPTY_BODY = YES;
				CLANG_WARN_ENUM_CONVERSION = YES;
				CLANG_WARN_INFINITE_RECURSION = YES;
				CLANG_WARN_INT_CONVERSION = YES;
				CLANG_WARN_NON_LITERAL_NULL_CONVERSION = YES;
				CLANG_WARN_OBJC_IMPLICIT_RETAIN_SELF = YES;
				CLANG_WARN_OBJC_LITERAL_CONVERSION = YES;
				CLANG_WARN_OBJC_ROOT_CLASS = YES_ERROR;
				CLANG_WARN_QUOTED_INCLUDE_IN_FRAMEWORK_HEADER = YES;
				CLANG_WARN_RANGE_LOOP_ANALYSIS = YES;
				CLANG_WARN_STRICT_PROTOTYPES = YES;
				CLANG_WARN_SUSPICIOUS_MOVE = YES;
				CLANG_WARN_UNGUARDED_AVAILABILITY = YES_AGGRESSIVE;
				CLANG_WARN_UNREACHABLE_CODE = YES;
				CLANG_WARN__DUPLICATE_METHOD_MATCH = YES;
				COPY_PHASE_STRIP = NO;
				DEBUG_INFORMATION_FORMAT = "dwarf-with-dsym";
				ENABLE_NS_ASSERTIONS = NO;
				ENABLE_STRICT_OBJC_MSGSEND = YES;
				GCC_C_LANGUAGE_STANDARD = gnu11;
				GCC_NO_COMMON_BLOCKS = YES;
				GCC_WARN_64_TO_32_BIT_CONVERSION = YES;
				GCC_WARN_ABOUT_RETURN_TYPE = YES_ERROR;
				GCC_WARN_UNDECLARED_SELECTOR = YES;
				GCC_WARN_UNINITIALIZED_AUTOS = YES_AGGRESSIVE;
				GCC_WARN_UNUSED_FUNCTION = YES;
				GCC_WARN_UNUSED_VARIABLE = YES;
				IPHONEOS_DEPLOYMENT_TARGET = 15.5;
				MTL_ENABLE_DEBUG_INFO = NO;
				MTL_FAST_MATH = YES;
				SDKROOT = iphoneos;
				SWIFT_COMPILATION_MODE = wholemodule;
				SWIFT_OPTIMIZATION_LEVEL = "-O";
				VALIDATE_PRODUCT = YES;
			};
			name = Release;
		};
		90597E7C28C7425F00ED0652 /* Debug */ = {
			isa = XCBuildConfiguration;
			buildSettings = {
				ASSETCATALOG_COMPILER_APPICON_NAME = AppIcon;
				ASSETCATALOG_COMPILER_GLOBAL_ACCENT_COLOR_NAME = AccentColor;
				CODE_SIGN_STYLE = Automatic;
				CURRENT_PROJECT_VERSION = 1;
				DEVELOPMENT_ASSET_PATHS = "\"Restart-App/Preview Content\"";
				ENABLE_PREVIEWS = YES;
				GENERATE_INFOPLIST_FILE = YES;
				INFOPLIST_FILE = "Restart-App/Info.plist";
				INFOPLIST_KEY_UIApplicationSceneManifest_Generation = YES;
				INFOPLIST_KEY_UIApplicationSupportsIndirectInputEvents = YES;
				INFOPLIST_KEY_UISupportedInterfaceOrientations = UIInterfaceOrientationPortrait;
				INFOPLIST_KEY_UISupportedInterfaceOrientations_iPad = "UIInterfaceOrientationPortrait UIInterfaceOrientationPortraitUpsideDown UIInterfaceOrientationLandscapeLeft UIInterfaceOrientationLandscapeRight";
				INFOPLIST_KEY_UISupportedInterfaceOrientations_iPhone = UIInterfaceOrientationPortrait;
				IPHONEOS_DEPLOYMENT_TARGET = 15.5;
				LD_RUNPATH_SEARCH_PATHS = (
					"$(inherited)",
					"@executable_path/Frameworks",
				);
				MARKETING_VERSION = 1.0;
				PRODUCT_BUNDLE_IDENTIFIER = "jaewpark.Restart-App";
				PRODUCT_NAME = "$(TARGET_NAME)";
				SWIFT_EMIT_LOC_STRINGS = YES;
				SWIFT_VERSION = 5.0;
				TARGETED_DEVICE_FAMILY = "1,2";
			};
			name = Debug;
		};
		90597E7D28C7425F00ED0652 /* Release */ = {
			isa = XCBuildConfiguration;
			buildSettings = {
				ASSETCATALOG_COMPILER_APPICON_NAME = AppIcon;
				ASSETCATALOG_COMPILER_GLOBAL_ACCENT_COLOR_NAME = AccentColor;
				CODE_SIGN_STYLE = Automatic;
				CURRENT_PROJECT_VERSION = 1;
				DEVELOPMENT_ASSET_PATHS = "\"Restart-App/Preview Content\"";
				ENABLE_PREVIEWS = YES;
				GENERATE_INFOPLIST_FILE = YES;
				INFOPLIST_FILE = "Restart-App/Info.plist";
				INFOPLIST_KEY_UIApplicationSceneManifest_Generation = YES;
				INFOPLIST_KEY_UIApplicationSupportsIndirectInputEvents = YES;
				INFOPLIST_KEY_UISupportedInterfaceOrientations = UIInterfaceOrientationPortrait;
				INFOPLIST_KEY_UISupportedInterfaceOrientations_iPad = "UIInterfaceOrientationPortrait UIInterfaceOrientationPortraitUpsideDown UIInterfaceOrientationLandscapeLeft UIInterfaceOrientationLandscapeRight";
				INFOPLIST_KEY_UISupportedInterfaceOrientations_iPhone = UIInterfaceOrientationPortrait;
				IPHONEOS_DEPLOYMENT_TARGET = 15.5;
				LD_RUNPATH_SEARCH_PATHS = (
					"$(inherited)",
					"@executable_path/Frameworks",
				);
				MARKETING_VERSION = 1.0;
				PRODUCT_BUNDLE_IDENTIFIER = "jaewpark.Restart-App";
				PRODUCT_NAME = "$(TARGET_NAME)";
				SWIFT_EMIT_LOC_STRINGS = YES;
				SWIFT_VERSION = 5.0;
				TARGETED_DEVICE_FAMILY = "1,2";
			};
			name = Release;
		};
/* End XCBuildConfiguration section */

/* Begin XCConfigurationList section */
		90597E6828C7425E00ED0652 /* Build configuration list for PBXProject "Restart-App" */ = {
			isa = XCConfigurationList;
			buildConfigurations = (
				90597E7928C7425F00ED0652 /* Debug */,
				90597E7A28C7425F00ED0652 /* Release */,
			);
			defaultConfigurationIsVisible = 0;
			defaultConfigurationName = Release;
		};
		90597E7B28C7425F00ED0652 /* Build configuration list for PBXNativeTarget "Restart-App" */ = {
			isa = XCConfigurationList;
			buildConfigurations = (
				90597E7C28C7425F00ED0652 /* Debug */,
				90597E7D28C7425F00ED0652 /* Release */,
			);
			defaultConfigurationIsVisible = 0;
			defaultConfigurationName = Release;
		};
/* End XCConfigurationList section */
	};
	rootObject = 90597E6528C7425E00ED0652 /* Project object */;
}
